
Microsoft Visual Studio Solution File, Format Version 12.00
# Visual Studio Version 16
VisualStudioVersion = 16.0.31624.102
MinimumVisualStudioVersion = 10.0.40219.1
Project("{8BC9CEB8-8B4A-11D0-8D11-00A0C91BC942}") = "IterativeCirclePacking", "IterativeCirclePacking.vcxproj", "{6AD72F87-630B-4103-A258-75FF02A7BAF4}"
EndProject
Global
	GlobalSection(SolutionConfigurationPlatforms) = preSolution
		Debug|x64 = Debug|x64
		Debug|x86 = Debug|x86
		Release|x64 = Release|x64
		Release|x86 = Release|x86
	EndGlobalSection
	GlobalSection(ProjectConfigurationPlatforms) = postSolution
		{6AD72F87-630B-4103-A258-75FF02A7BAF4}.Debug|x64.ActiveCfg = Debug|x64
		{6AD72F87-630B-4103-A258-75FF02A7BAF4}.Debug|x64.Build.0 = Debug|x64
		{6AD72F87-630B-4103-A258-75FF02A7BAF4}.Debug|x86.ActiveCfg = Debug|Win32
		{6AD72F87-630B-4103-A258-75FF02A7BAF4}.Debug|x86.Build.0 = Debug|Win32
		{6AD72F87-630B-4103-A258-75FF02A7BAF4}.Release|x64.ActiveCfg = Release|x64
		{6AD72F87-630B-4103-A258-75FF02A7BAF4}.Release|x64.Build.0 = Release|x64
		{6AD72F87-630B-4103-A258-75FF02A7BAF4}.Release|x86.ActiveCfg = Release|Win32
		{6AD72F87-630B-4103-A258-75FF02A7BAF4}.Release|x86.Build.0 = Release|Win32
	EndGlobalSection
	GlobalSection(SolutionProperties) = preSolution
		HideSolutionNode = FALSE
	EndGlobalSection
	GlobalSection(ExtensibilityGlobals) = postSolution
		SolutionGuid = {F2818101-F246-40C3-801A-59DEC189D882}
	EndGlobalSection
EndGlobal
